
Microsoft Visual Studio Solution File, Format Version 12.00
# Visual Studio Version 17
VisualStudioVersion = 17.9.34622.214
MinimumVisualStudioVersion = 10.0.40219.1
Project("{9A19103F-16F7-4668-BE54-9A1E7A4F7556}") = "TurtleChallange.Console", "TurtleChallenge.Console\TurtleChallange.Console.csproj", "{33B8B53C-4A26-493C-A7D2-E73488BE0F25}"
EndProject
Project("{9A19103F-16F7-4668-BE54-9A1E7A4F7556}") = "TurtleChallange.UnitTests", "TurtleChallenge.UnitTests\TurtleChallange.UnitTests.csproj", "{5B9C239A-13AF-49D3-AEA8-E0C2C7803207}"
EndProject
Global
	GlobalSection(SolutionConfigurationPlatforms) = preSolution
		Debug|Any CPU = Debug|Any CPU
		Release|Any CPU = Release|Any CPU
	EndGlobalSection
	GlobalSection(ProjectConfigurationPlatforms) = postSolution
		{33B8B53C-4A26-493C-A7D2-E73488BE0F25}.Debug|Any CPU.ActiveCfg = Debug|Any CPU
		{33B8B53C-4A26-493C-A7D2-E73488BE0F25}.Debug|Any CPU.Build.0 = Debug|Any CPU
		{33B8B53C-4A26-493C-A7D2-E73488BE0F25}.Release|Any CPU.ActiveCfg = Release|Any CPU
		{33B8B53C-4A26-493C-A7D2-E73488BE0F25}.Release|Any CPU.Build.0 = Release|Any CPU
		{5B9C239A-13AF-49D3-AEA8-E0C2C7803207}.Debug|Any CPU.ActiveCfg = Debug|Any CPU
		{5B9C239A-13AF-49D3-AEA8-E0C2C7803207}.Debug|Any CPU.Build.0 = Debug|Any CPU
		{5B9C239A-13AF-49D3-AEA8-E0C2C7803207}.Release|Any CPU.ActiveCfg = Release|Any CPU
		{5B9C239A-13AF-49D3-AEA8-E0C2C7803207}.Release|Any CPU.Build.0 = Release|Any CPU
	EndGlobalSection
	GlobalSection(SolutionProperties) = preSolution
		HideSolutionNode = FALSE
	EndGlobalSection
	GlobalSection(ExtensibilityGlobals) = postSolution
		SolutionGuid = {7F61EAAC-E4A2-40CA-9C12-54AF382C80D9}
	EndGlobalSection
EndGlobal
